
Microsoft Visual Studio Solution File, Format Version 12.00
# Visual Studio Version 17
VisualStudioVersion = 17.5.33530.505
MinimumVisualStudioVersion = 10.0.40219.1
Project("{9A19103F-16F7-4668-BE54-9A1E7A4F7556}") = "ggmlcs", "ggmlcs\ggmlcs.csproj", "{6E4FCA32-921E-4593-8B42-611C4CDD4E29}"
EndProject
Project("{2150E333-8FDC-42A3-9474-1A3956D46DE8}") = "Solution Items", "Solution Items", "{971C0D52-FFFC-4AEB-9758-735D4C59BE68}"
	ProjectSection(SolutionItems) = preProject
		.editorconfig = .editorconfig
	EndProjectSection
EndProject
Project("{9A19103F-16F7-4668-BE54-9A1E7A4F7556}") = "Experimental", "Experimental\Experimental.csproj", "{C784F274-5196-40CD-BE1E-601E9B33C8F6}"
EndProject
Global
	GlobalSection(SolutionConfigurationPlatforms) = preSolution
		Debug|Any CPU = Debug|Any CPU
		Release|Any CPU = Release|Any CPU
	EndGlobalSection
	GlobalSection(ProjectConfigurationPlatforms) = postSolution
		{6E4FCA32-921E-4593-8B42-611C4CDD4E29}.Debug|Any CPU.ActiveCfg = Debug|Any CPU
		{6E4FCA32-921E-4593-8B42-611C4CDD4E29}.Debug|Any CPU.Build.0 = Debug|Any CPU
		{6E4FCA32-921E-4593-8B42-611C4CDD4E29}.Release|Any CPU.ActiveCfg = Release|Any CPU
		{6E4FCA32-921E-4593-8B42-611C4CDD4E29}.Release|Any CPU.Build.0 = Release|Any CPU
		{C784F274-5196-40CD-BE1E-601E9B33C8F6}.Debug|Any CPU.ActiveCfg = Debug|Any CPU
		{C784F274-5196-40CD-BE1E-601E9B33C8F6}.Debug|Any CPU.Build.0 = Debug|Any CPU
		{C784F274-5196-40CD-BE1E-601E9B33C8F6}.Release|Any CPU.ActiveCfg = Release|Any CPU
		{C784F274-5196-40CD-BE1E-601E9B33C8F6}.Release|Any CPU.Build.0 = Release|Any CPU
	EndGlobalSection
	GlobalSection(SolutionProperties) = preSolution
		HideSolutionNode = FALSE
	EndGlobalSection
	GlobalSection(ExtensibilityGlobals) = postSolution
		SolutionGuid = {5DA94891-085A-4670-B260-35397C4E4818}
	EndGlobalSection
EndGlobal
